{
    "_readme": [
        "This file locks the dependencies of your project to a known state",
        "Read more about it at https://getcomposer.org/doc/01-basic-usage.md#installing-dependencies",
        "This file is @generated automatically"
    ],
    "content-hash": "5b8694764eb7e49ba7049631472d8e30",
    "packages": [
        {
            "name": "agungdhewe/phplogger",
            "version": "v1.1.6",
            "source": {
                "type": "git",
                "url": "https://github.com/agungdhewe/phplogger.git",
                "reference": "a344a65486ee6ec84507f335c23e21cdcb15d004"
            },
            "dist": {
                "type": "zip",
                "url": "https://api.github.com/repos/agungdhewe/phplogger/zipball/a344a65486ee6ec84507f335c23e21cdcb15d004",
                "reference": "a344a65486ee6ec84507f335c23e21cdcb15d004",
                "shasum": ""
            },
            "require": {
                "php": "^8.3"
            },
            "type": "library",
            "autoload": {
                "psr-4": {
                    "AgungDhewe\\PhpLogger\\": "src/"
                }
            },
            "notification-url": "https://packagist.org/downloads/",
            "license": [
                "GPL-3.0-or-later"
            ],
            "authors": [
                {
                    "name": "Agung Nugroho",
                    "email": "agung.dhewe@gmail.com"
                }
            ],
            "description": "logger untuk PHP",
            "support": {
                "issues": "https://github.com/agungdhewe/phplogger/issues",
                "source": "https://github.com/agungdhewe/phplogger/tree/v1.1.6"
            },
            "time": "2024-11-05T05:39:06+00:00"
        },
        {
            "name": "agungdhewe/phpsqlutil",
            "version": "v1.2.2",
            "source": {
                "type": "git",
                "url": "https://github.com/agungdhewe/phpsqlutil.git",
                "reference": "fc24fa403f7eb954a2e0f7f3d0951ecb6dbbb443"
            },
            "dist": {
                "type": "zip",
                "url": "https://api.github.com/repos/agungdhewe/phpsqlutil/zipball/fc24fa403f7eb954a2e0f7f3d0951ecb6dbbb443",
                "reference": "fc24fa403f7eb954a2e0f7f3d0951ecb6dbbb443",
                "shasum": ""
            },
            "require": {
                "php": "^8.3"
            },
            "type": "library",
            "autoload": {
                "psr-4": {
                    "AgungDhewe\\PhpSqlUtil\\": "src/"
                }
            },
            "notification-url": "https://packagist.org/downloads/",
            "license": [
                "GPL-3.0-or-later"
            ],
            "authors": [
                {
                    "name": "Agung Nugroho",
                    "email": "agung.dhewe@gmail.com"
                }
            ],
            "description": "Utility for create SQL insert, update and delete",
            "support": {
                "issues": "https://github.com/agungdhewe/phpsqlutil/issues",
                "source": "https://github.com/agungdhewe/phpsqlutil/tree/v1.2.2"
            },
            "time": "2024-10-16T13:21:54+00:00"
        }
    ],
    "packages-dev": [],
    "aliases": [],
    "minimum-stability": "stable",
    "stability-flags": [],
    "prefer-stable": false,
    "prefer-lowest": false,
    "platform": {
        "php": "^8.3"
    },
    "platform-dev": [],
    "plugin-api-version": "2.2.0"
}
